
Microsoft Visual Studio Solution File, Format Version 12.00
# Visual Studio 15
VisualStudioVersion = 15.0.27703.2047
MinimumVisualStudioVersion = 10.0.40219.1
Project("{8BC9CEB8-8B4A-11D0-8D11-00A0C91BC942}") = "NewNumeralSystem", "NewNumeralSystem\NewNumeralSystem.vcxproj", "{3F02C027-ABB2-47C5-B7A2-5860822F7748}"
EndProject
Project("{8BC9CEB8-8B4A-11D0-8D11-00A0C91BC942}") = "LuckyNumber", "LuckyNumber\LuckyNumber.vcxproj", "{E6D846F5-8B1D-4DA8-B9C7-3220DD3DACE0}"
EndProject
Project("{8BC9CEB8-8B4A-11D0-8D11-00A0C91BC942}") = "Zigzag", "Zigzag\Zigzag.vcxproj", "{584BA596-07BA-439E-91F6-189D98BA2192}"
EndProject
Project("{8BC9CEB8-8B4A-11D0-8D11-00A0C91BC942}") = "DigitRootSort", "DigitRootSort\DigitRootSort.vcxproj", "{9DE18977-6469-40DB-A410-6555396AFDB0}"
EndProject
Project("{8BC9CEB8-8B4A-11D0-8D11-00A0C91BC942}") = "ConstructArray", "ConstructArray\ConstructArray.vcxproj", "{B3D37C68-DD3B-4499-870A-6598F34B87D3}"
EndProject
Project("{8BC9CEB8-8B4A-11D0-8D11-00A0C91BC942}") = "ConstructSubmatrix", "ConstructSubmatrix\ConstructSubmatrix.vcxproj", "{DD649726-1D5A-474D-A8C4-8B076C8B062F}"
EndProject
Project("{8BC9CEB8-8B4A-11D0-8D11-00A0C91BC942}") = "DecodeString", "DecodeString\DecodeString.vcxproj", "{6734A0D5-1068-4052-974B-BB711264E9A5}"
EndProject
Project("{8BC9CEB8-8B4A-11D0-8D11-00A0C91BC942}") = "PeriodicSequence", "PeriodicSequence\PeriodicSequence.vcxproj", "{120F3FE8-5113-4029-A0EE-4B2A4B6F7C99}"
EndProject
Project("{8BC9CEB8-8B4A-11D0-8D11-00A0C91BC942}") = "RotateImage", "RotateImage\RotateImage.vcxproj", "{AEEF2E6B-1249-4CD2-9396-9A43082EFA46}"
EndProject
Project("{8BC9CEB8-8B4A-11D0-8D11-00A0C91BC942}") = "FirstDuplicate", "FirstDuplicate\FirstDuplicate.vcxproj", "{07B5FFD0-26BA-401F-AE8E-F7E1295FE16C}"
EndProject
Project("{8BC9CEB8-8B4A-11D0-8D11-00A0C91BC942}") = "checkPalindrome", "checkPalindrome\checkPalindrome.vcxproj", "{A335748E-BED5-46E8-ACBB-EBAA57AE0A19}"
EndProject
Project("{8BC9CEB8-8B4A-11D0-8D11-00A0C91BC942}") = "bankRequests", "bankRequests\bankRequests.vcxproj", "{C4BC735D-59B7-48F4-AA07-F4BDF253A256}"
EndProject
Global
	GlobalSection(SolutionConfigurationPlatforms) = preSolution
		Debug|x64 = Debug|x64
		Debug|x86 = Debug|x86
		Release|x64 = Release|x64
		Release|x86 = Release|x86
	EndGlobalSection
	GlobalSection(ProjectConfigurationPlatforms) = postSolution
		{3F02C027-ABB2-47C5-B7A2-5860822F7748}.Debug|x64.ActiveCfg = Debug|x64
		{3F02C027-ABB2-47C5-B7A2-5860822F7748}.Debug|x64.Build.0 = Debug|x64
		{3F02C027-ABB2-47C5-B7A2-5860822F7748}.Debug|x86.ActiveCfg = Debug|Win32
		{3F02C027-ABB2-47C5-B7A2-5860822F7748}.Debug|x86.Build.0 = Debug|Win32
		{3F02C027-ABB2-47C5-B7A2-5860822F7748}.Release|x64.ActiveCfg = Release|x64
		{3F02C027-ABB2-47C5-B7A2-5860822F7748}.Release|x64.Build.0 = Release|x64
		{3F02C027-ABB2-47C5-B7A2-5860822F7748}.Release|x86.ActiveCfg = Release|Win32
		{3F02C027-ABB2-47C5-B7A2-5860822F7748}.Release|x86.Build.0 = Release|Win32
		{E6D846F5-8B1D-4DA8-B9C7-3220DD3DACE0}.Debug|x64.ActiveCfg = Debug|x64
		{E6D846F5-8B1D-4DA8-B9C7-3220DD3DACE0}.Debug|x64.Build.0 = Debug|x64
		{E6D846F5-8B1D-4DA8-B9C7-3220DD3DACE0}.Debug|x86.ActiveCfg = Debug|Win32
		{E6D846F5-8B1D-4DA8-B9C7-3220DD3DACE0}.Debug|x86.Build.0 = Debug|Win32
		{E6D846F5-8B1D-4DA8-B9C7-3220DD3DACE0}.Release|x64.ActiveCfg = Release|x64
		{E6D846F5-8B1D-4DA8-B9C7-3220DD3DACE0}.Release|x64.Build.0 = Release|x64
		{E6D846F5-8B1D-4DA8-B9C7-3220DD3DACE0}.Release|x86.ActiveCfg = Release|Win32
		{E6D846F5-8B1D-4DA8-B9C7-3220DD3DACE0}.Release|x86.Build.0 = Release|Win32
		{584BA596-07BA-439E-91F6-189D98BA2192}.Debug|x64.ActiveCfg = Debug|x64
		{584BA596-07BA-439E-91F6-189D98BA2192}.Debug|x64.Build.0 = Debug|x64
		{584BA596-07BA-439E-91F6-189D98BA2192}.Debug|x86.ActiveCfg = Debug|Win32
		{584BA596-07BA-439E-91F6-189D98BA2192}.Debug|x86.Build.0 = Debug|Win32
		{584BA596-07BA-439E-91F6-189D98BA2192}.Release|x64.ActiveCfg = Release|x64
		{584BA596-07BA-439E-91F6-189D98BA2192}.Release|x64.Build.0 = Release|x64
		{584BA596-07BA-439E-91F6-189D98BA2192}.Release|x86.ActiveCfg = Release|Win32
		{584BA596-07BA-439E-91F6-189D98BA2192}.Release|x86.Build.0 = Release|Win32
		{9DE18977-6469-40DB-A410-6555396AFDB0}.Debug|x64.ActiveCfg = Debug|x64
		{9DE18977-6469-40DB-A410-6555396AFDB0}.Debug|x64.Build.0 = Debug|x64
		{9DE18977-6469-40DB-A410-6555396AFDB0}.Debug|x86.ActiveCfg = Debug|Win32
		{9DE18977-6469-40DB-A410-6555396AFDB0}.Debug|x86.Build.0 = Debug|Win32
		{9DE18977-6469-40DB-A410-6555396AFDB0}.Release|x64.ActiveCfg = Release|x64
		{9DE18977-6469-40DB-A410-6555396AFDB0}.Release|x64.Build.0 = Release|x64
		{9DE18977-6469-40DB-A410-6555396AFDB0}.Release|x86.ActiveCfg = Release|Win32
		{9DE18977-6469-40DB-A410-6555396AFDB0}.Release|x86.Build.0 = Release|Win32
		{B3D37C68-DD3B-4499-870A-6598F34B87D3}.Debug|x64.ActiveCfg = Debug|x64
		{B3D37C68-DD3B-4499-870A-6598F34B87D3}.Debug|x64.Build.0 = Debug|x64
		{B3D37C68-DD3B-4499-870A-6598F34B87D3}.Debug|x86.ActiveCfg = Debug|Win32
		{B3D37C68-DD3B-4499-870A-6598F34B87D3}.Debug|x86.Build.0 = Debug|Win32
		{B3D37C68-DD3B-4499-870A-6598F34B87D3}.Release|x64.ActiveCfg = Release|x64
		{B3D37C68-DD3B-4499-870A-6598F34B87D3}.Release|x64.Build.0 = Release|x64
		{B3D37C68-DD3B-4499-870A-6598F34B87D3}.Release|x86.ActiveCfg = Release|Win32
		{B3D37C68-DD3B-4499-870A-6598F34B87D3}.Release|x86.Build.0 = Release|Win32
		{DD649726-1D5A-474D-A8C4-8B076C8B062F}.Debug|x64.ActiveCfg = Debug|x64
		{DD649726-1D5A-474D-A8C4-8B076C8B062F}.Debug|x64.Build.0 = Debug|x64
		{DD649726-1D5A-474D-A8C4-8B076C8B062F}.Debug|x86.ActiveCfg = Debug|Win32
		{DD649726-1D5A-474D-A8C4-8B076C8B062F}.Debug|x86.Build.0 = Debug|Win32
		{DD649726-1D5A-474D-A8C4-8B076C8B062F}.Release|x64.ActiveCfg = Release|x64
		{DD649726-1D5A-474D-A8C4-8B076C8B062F}.Release|x64.Build.0 = Release|x64
		{DD649726-1D5A-474D-A8C4-8B076C8B062F}.Release|x86.ActiveCfg = Release|Win32
		{DD649726-1D5A-474D-A8C4-8B076C8B062F}.Release|x86.Build.0 = Release|Win32
		{6734A0D5-1068-4052-974B-BB711264E9A5}.Debug|x64.ActiveCfg = Debug|x64
		{6734A0D5-1068-4052-974B-BB711264E9A5}.Debug|x64.Build.0 = Debug|x64
		{6734A0D5-1068-4052-974B-BB711264E9A5}.Debug|x86.ActiveCfg = Debug|Win32
		{6734A0D5-1068-4052-974B-BB711264E9A5}.Debug|x86.Build.0 = Debug|Win32
		{6734A0D5-1068-4052-974B-BB711264E9A5}.Release|x64.ActiveCfg = Release|x64
		{6734A0D5-1068-4052-974B-BB711264E9A5}.Release|x64.Build.0 = Release|x64
		{6734A0D5-1068-4052-974B-BB711264E9A5}.Release|x86.ActiveCfg = Release|Win32
		{6734A0D5-1068-4052-974B-BB711264E9A5}.Release|x86.Build.0 = Release|Win32
		{120F3FE8-5113-4029-A0EE-4B2A4B6F7C99}.Debug|x64.ActiveCfg = Debug|x64
		{120F3FE8-5113-4029-A0EE-4B2A4B6F7C99}.Debug|x64.Build.0 = Debug|x64
		{120F3FE8-5113-4029-A0EE-4B2A4B6F7C99}.Debug|x86.ActiveCfg = Debug|Win32
		{120F3FE8-5113-4029-A0EE-4B2A4B6F7C99}.Debug|x86.Build.0 = Debug|Win32
		{120F3FE8-5113-4029-A0EE-4B2A4B6F7C99}.Release|x64.ActiveCfg = Release|x64
		{120F3FE8-5113-4029-A0EE-4B2A4B6F7C99}.Release|x64.Build.0 = Release|x64
		{120F3FE8-5113-4029-A0EE-4B2A4B6F7C99}.Release|x86.ActiveCfg = Release|Win32
		{120F3FE8-5113-4029-A0EE-4B2A4B6F7C99}.Release|x86.Build.0 = Release|Win32
		{AEEF2E6B-1249-4CD2-9396-9A43082EFA46}.Debug|x64.ActiveCfg = Debug|x64
		{AEEF2E6B-1249-4CD2-9396-9A43082EFA46}.Debug|x64.Build.0 = Debug|x64
		{AEEF2E6B-1249-4CD2-9396-9A43082EFA46}.Debug|x86.ActiveCfg = Debug|Win32
		{AEEF2E6B-1249-4CD2-9396-9A43082EFA46}.Debug|x86.Build.0 = Debug|Win32
		{AEEF2E6B-1249-4CD2-9396-9A43082EFA46}.Release|x64.ActiveCfg = Release|x64
		{AEEF2E6B-1249-4CD2-9396-9A43082EFA46}.Release|x64.Build.0 = Release|x64
		{AEEF2E6B-1249-4CD2-9396-9A43082EFA46}.Release|x86.ActiveCfg = Release|Win32
		{AEEF2E6B-1249-4CD2-9396-9A43082EFA46}.Release|x86.Build.0 = Release|Win32
		{07B5FFD0-26BA-401F-AE8E-F7E1295FE16C}.Debug|x64.ActiveCfg = Debug|x64
		{07B5FFD0-26BA-401F-AE8E-F7E1295FE16C}.Debug|x64.Build.0 = Debug|x64
		{07B5FFD0-26BA-401F-AE8E-F7E1295FE16C}.Debug|x86.ActiveCfg = Debug|Win32
		{07B5FFD0-26BA-401F-AE8E-F7E1295FE16C}.Debug|x86.Build.0 = Debug|Win32
		{07B5FFD0-26BA-401F-AE8E-F7E1295FE16C}.Release|x64.ActiveCfg = Release|x64
		{07B5FFD0-26BA-401F-AE8E-F7E1295FE16C}.Release|x64.Build.0 = Release|x64
		{07B5FFD0-26BA-401F-AE8E-F7E1295FE16C}.Release|x86.ActiveCfg = Release|Win32
		{07B5FFD0-26BA-401F-AE8E-F7E1295FE16C}.Release|x86.Build.0 = Release|Win32
		{A335748E-BED5-46E8-ACBB-EBAA57AE0A19}.Debug|x64.ActiveCfg = Debug|x64
		{A335748E-BED5-46E8-ACBB-EBAA57AE0A19}.Debug|x64.Build.0 = Debug|x64
		{A335748E-BED5-46E8-ACBB-EBAA57AE0A19}.Debug|x86.ActiveCfg = Debug|Win32
		{A335748E-BED5-46E8-ACBB-EBAA57AE0A19}.Debug|x86.Build.0 = Debug|Win32
		{A335748E-BED5-46E8-ACBB-EBAA57AE0A19}.Release|x64.ActiveCfg = Release|x64
		{A335748E-BED5-46E8-ACBB-EBAA57AE0A19}.Release|x64.Build.0 = Release|x64
		{A335748E-BED5-46E8-ACBB-EBAA57AE0A19}.Release|x86.ActiveCfg = Release|Win32
		{A335748E-BED5-46E8-ACBB-EBAA57AE0A19}.Release|x86.Build.0 = Release|Win32
		{C4BC735D-59B7-48F4-AA07-F4BDF253A256}.Debug|x64.ActiveCfg = Debug|x64
		{C4BC735D-59B7-48F4-AA07-F4BDF253A256}.Debug|x64.Build.0 = Debug|x64
		{C4BC735D-59B7-48F4-AA07-F4BDF253A256}.Debug|x86.ActiveCfg = Debug|Win32
		{C4BC735D-59B7-48F4-AA07-F4BDF253A256}.Debug|x86.Build.0 = Debug|Win32
		{C4BC735D-59B7-48F4-AA07-F4BDF253A256}.Release|x64.ActiveCfg = Release|x64
		{C4BC735D-59B7-48F4-AA07-F4BDF253A256}.Release|x64.Build.0 = Release|x64
		{C4BC735D-59B7-48F4-AA07-F4BDF253A256}.Release|x86.ActiveCfg = Release|Win32
		{C4BC735D-59B7-48F4-AA07-F4BDF253A256}.Release|x86.Build.0 = Release|Win32
	EndGlobalSection
	GlobalSection(SolutionProperties) = preSolution
		HideSolutionNode = FALSE
	EndGlobalSection
	GlobalSection(ExtensibilityGlobals) = postSolution
		SolutionGuid = {9A8F5163-2681-4EBD-AC5D-63466EC4B8E4}
	EndGlobalSection
EndGlobal
