
Microsoft Visual Studio Solution File, Format Version 12.00
# Visual Studio 15
VisualStudioVersion = 15.0.27703.2047
MinimumVisualStudioVersion = 10.0.40219.1
Project("{8BC9CEB8-8B4A-11D0-8D11-00A0C91BC942}") = "NewNumeralSystem", "NewNumeralSystem\NewNumeralSystem.vcxproj", "{3F02C027-ABB2-47C5-B7A2-5860822F7748}"
EndProject
Project("{8BC9CEB8-8B4A-11D0-8D11-00A0C91BC942}") = "LuckyNumber", "LuckyNumber\LuckyNumber.vcxproj", "{E6D846F5-8B1D-4DA8-B9C7-3220DD3DACE0}"
EndProject
Project("{8BC9CEB8-8B4A-11D0-8D11-00A0C91BC942}") = "Zigzag", "Zigzag\Zigzag.vcxproj", "{584BA596-07BA-439E-91F6-189D98BA2192}"
EndProject
Project("{8BC9CEB8-8B4A-11D0-8D11-00A0C91BC942}") = "DigitRootSort", "DigitRootSort\DigitRootSort.vcxproj", "{9DE18977-6469-40DB-A410-6555396AFDB0}"
EndProject
Project("{8BC9CEB8-8B4A-11D0-8D11-00A0C91BC942}") = "ConstructArray", "ConstructArray\ConstructArray.vcxproj", "{B3D37C68-DD3B-4499-870A-6598F34B87D3}"
EndProject
Project("{8BC9CEB8-8B4A-11D0-8D11-00A0C91BC942}") = "ConstructSubmatrix", "ConstructSubmatrix\ConstructSubmatrix.vcxproj", "{DD649726-1D5A-474D-A8C4-8B076C8B062F}"
EndProject
Project("{8BC9CEB8-8B4A-11D0-8D11-00A0C91BC942}") = "DecodeString", "DecodeString\DecodeString.vcxproj", "{6734A0D5-1068-4052-974B-BB711264E9A5}"
EndProject
Project("{8BC9CEB8-8B4A-11D0-8D11-00A0C91BC942}") = "PeriodicSequence", "PeriodicSequence\PeriodicSequence.vcxproj", "{120F3FE8-5113-4029-A0EE-4B2A4B6F7C99}"
EndProject
Project("{8BC9CEB8-8B4A-11D0-8D11-00A0C91BC942}") = "RotateImage", "RotateImage\RotateImage.vcxproj", "{AEEF2E6B-1249-4CD2-9396-9A43082EFA46}"
EndProject
Project("{8BC9CEB8-8B4A-11D0-8D11-00A0C91BC942}") = "FirstDuplicate", "FirstDuplicate\FirstDuplicate.vcxproj", "{07B5FFD0-26BA-401F-AE8E-F7E1295FE16C}"
EndProject
Project("{8BC9CEB8-8B4A-11D0-8D11-00A0C91BC942}") = "checkPalindrome", "checkPalindrome\checkPalindrome.vcxproj", "{A335748E-BED5-46E8-ACBB-EBAA57AE0A19}"
EndProject
Project("{8BC9CEB8-8B4A-11D0-8D11-00A0C91BC942}") = "bankRequests", "bankRequests\bankRequests.vcxproj", "{C4BC735D-59B7-48F4-AA07-F4BDF253A256}"
EndProject
Project("{8BC9CEB8-8B4A-11D0-8D11-00A0C91BC942}") = "textJustification", "textJustification\textJustification.vcxproj", "{93358BCE-49BF-4743-86B4-36F219FA8A56}"
EndProject
Project("{8BC9CEB8-8B4A-11D0-8D11-00A0C91BC942}") = "reverseKGroup", "reverseKGroup\reverseKGroup.vcxproj", "{8BE32187-5E57-46FF-A9A1-2FE779BF6EE2}"
EndProject
Project("{8BC9CEB8-8B4A-11D0-8D11-00A0C91BC942}") = "isListPalindrome", "isListPalindrome\isListPalindrome.vcxproj", "{8F7E37B1-ADDE-4BB1-8381-EE20CEA07AE8}"
EndProject
Project("{8BC9CEB8-8B4A-11D0-8D11-00A0C91BC942}") = "isCryptSolution", "isCryptSolution\isCryptSolution.vcxproj", "{CD8E21E6-C951-40BC-BA47-46AFBB0B28EB}"
EndProject
Project("{8BC9CEB8-8B4A-11D0-8D11-00A0C91BC942}") = "sudoku2", "sudoku2\sudoku2.vcxproj", "{667F7F6C-24E4-4C7D-B376-D6157BA0A9E1}"
EndProject
Project("{8BC9CEB8-8B4A-11D0-8D11-00A0C91BC942}") = "addTwoHugeNumbers", "addTwoHugeNumbers\addTwoHugeNumbers.vcxproj", "{1D9F6E39-6270-4DDF-86E0-A21F23309987}"
EndProject
Project("{8BC9CEB8-8B4A-11D0-8D11-00A0C91BC942}") = "mergeTwoLinkedLists", "mergeTwoLinkedLists\mergeTwoLinkedLists.vcxproj", "{254230F4-27F4-49E6-9F18-2616BFEEE25F}"
EndProject
Project("{8BC9CEB8-8B4A-11D0-8D11-00A0C91BC942}") = "rearrangeLastN", "rearrangeLastN\rearrangeLastN.vcxproj", "{DA339B8D-B1A3-4681-837A-56113B110E69}"
EndProject
Global
	GlobalSection(SolutionConfigurationPlatforms) = preSolution
		Debug|x64 = Debug|x64
		Debug|x86 = Debug|x86
		Release|x64 = Release|x64
		Release|x86 = Release|x86
	EndGlobalSection
	GlobalSection(ProjectConfigurationPlatforms) = postSolution
		{3F02C027-ABB2-47C5-B7A2-5860822F7748}.Debug|x64.ActiveCfg = Debug|x64
		{3F02C027-ABB2-47C5-B7A2-5860822F7748}.Debug|x64.Build.0 = Debug|x64
		{3F02C027-ABB2-47C5-B7A2-5860822F7748}.Debug|x86.ActiveCfg = Debug|Win32
		{3F02C027-ABB2-47C5-B7A2-5860822F7748}.Debug|x86.Build.0 = Debug|Win32
		{3F02C027-ABB2-47C5-B7A2-5860822F7748}.Release|x64.ActiveCfg = Release|x64
		{3F02C027-ABB2-47C5-B7A2-5860822F7748}.Release|x64.Build.0 = Release|x64
		{3F02C027-ABB2-47C5-B7A2-5860822F7748}.Release|x86.ActiveCfg = Release|Win32
		{3F02C027-ABB2-47C5-B7A2-5860822F7748}.Release|x86.Build.0 = Release|Win32
		{E6D846F5-8B1D-4DA8-B9C7-3220DD3DACE0}.Debug|x64.ActiveCfg = Debug|x64
		{E6D846F5-8B1D-4DA8-B9C7-3220DD3DACE0}.Debug|x64.Build.0 = Debug|x64
		{E6D846F5-8B1D-4DA8-B9C7-3220DD3DACE0}.Debug|x86.ActiveCfg = Debug|Win32
		{E6D846F5-8B1D-4DA8-B9C7-3220DD3DACE0}.Debug|x86.Build.0 = Debug|Win32
		{E6D846F5-8B1D-4DA8-B9C7-3220DD3DACE0}.Release|x64.ActiveCfg = Release|x64
		{E6D846F5-8B1D-4DA8-B9C7-3220DD3DACE0}.Release|x64.Build.0 = Release|x64
		{E6D846F5-8B1D-4DA8-B9C7-3220DD3DACE0}.Release|x86.ActiveCfg = Release|Win32
		{E6D846F5-8B1D-4DA8-B9C7-3220DD3DACE0}.Release|x86.Build.0 = Release|Win32
		{584BA596-07BA-439E-91F6-189D98BA2192}.Debug|x64.ActiveCfg = Debug|x64
		{584BA596-07BA-439E-91F6-189D98BA2192}.Debug|x64.Build.0 = Debug|x64
		{584BA596-07BA-439E-91F6-189D98BA2192}.Debug|x86.ActiveCfg = Debug|Win32
		{584BA596-07BA-439E-91F6-189D98BA2192}.Debug|x86.Build.0 = Debug|Win32
		{584BA596-07BA-439E-91F6-189D98BA2192}.Release|x64.ActiveCfg = Release|x64
		{584BA596-07BA-439E-91F6-189D98BA2192}.Release|x64.Build.0 = Release|x64
		{584BA596-07BA-439E-91F6-189D98BA2192}.Release|x86.ActiveCfg = Release|Win32
		{584BA596-07BA-439E-91F6-189D98BA2192}.Release|x86.Build.0 = Release|Win32
		{9DE18977-6469-40DB-A410-6555396AFDB0}.Debug|x64.ActiveCfg = Debug|x64
		{9DE18977-6469-40DB-A410-6555396AFDB0}.Debug|x64.Build.0 = Debug|x64
		{9DE18977-6469-40DB-A410-6555396AFDB0}.Debug|x86.ActiveCfg = Debug|Win32
		{9DE18977-6469-40DB-A410-6555396AFDB0}.Debug|x86.Build.0 = Debug|Win32
		{9DE18977-6469-40DB-A410-6555396AFDB0}.Release|x64.ActiveCfg = Release|x64
		{9DE18977-6469-40DB-A410-6555396AFDB0}.Release|x64.Build.0 = Release|x64
		{9DE18977-6469-40DB-A410-6555396AFDB0}.Release|x86.ActiveCfg = Release|Win32
		{9DE18977-6469-40DB-A410-6555396AFDB0}.Release|x86.Build.0 = Release|Win32
		{B3D37C68-DD3B-4499-870A-6598F34B87D3}.Debug|x64.ActiveCfg = Debug|x64
		{B3D37C68-DD3B-4499-870A-6598F34B87D3}.Debug|x64.Build.0 = Debug|x64
		{B3D37C68-DD3B-4499-870A-6598F34B87D3}.Debug|x86.ActiveCfg = Debug|Win32
		{B3D37C68-DD3B-4499-870A-6598F34B87D3}.Debug|x86.Build.0 = Debug|Win32
		{B3D37C68-DD3B-4499-870A-6598F34B87D3}.Release|x64.ActiveCfg = Release|x64
		{B3D37C68-DD3B-4499-870A-6598F34B87D3}.Release|x64.Build.0 = Release|x64
		{B3D37C68-DD3B-4499-870A-6598F34B87D3}.Release|x86.ActiveCfg = Release|Win32
		{B3D37C68-DD3B-4499-870A-6598F34B87D3}.Release|x86.Build.0 = Release|Win32
		{DD649726-1D5A-474D-A8C4-8B076C8B062F}.Debug|x64.ActiveCfg = Debug|x64
		{DD649726-1D5A-474D-A8C4-8B076C8B062F}.Debug|x64.Build.0 = Debug|x64
		{DD649726-1D5A-474D-A8C4-8B076C8B062F}.Debug|x86.ActiveCfg = Debug|Win32
		{DD649726-1D5A-474D-A8C4-8B076C8B062F}.Debug|x86.Build.0 = Debug|Win32
		{DD649726-1D5A-474D-A8C4-8B076C8B062F}.Release|x64.ActiveCfg = Release|x64
		{DD649726-1D5A-474D-A8C4-8B076C8B062F}.Release|x64.Build.0 = Release|x64
		{DD649726-1D5A-474D-A8C4-8B076C8B062F}.Release|x86.ActiveCfg = Release|Win32
		{DD649726-1D5A-474D-A8C4-8B076C8B062F}.Release|x86.Build.0 = Release|Win32
		{6734A0D5-1068-4052-974B-BB711264E9A5}.Debug|x64.ActiveCfg = Debug|x64
		{6734A0D5-1068-4052-974B-BB711264E9A5}.Debug|x64.Build.0 = Debug|x64
		{6734A0D5-1068-4052-974B-BB711264E9A5}.Debug|x86.ActiveCfg = Debug|Win32
		{6734A0D5-1068-4052-974B-BB711264E9A5}.Debug|x86.Build.0 = Debug|Win32
		{6734A0D5-1068-4052-974B-BB711264E9A5}.Release|x64.ActiveCfg = Release|x64
		{6734A0D5-1068-4052-974B-BB711264E9A5}.Release|x64.Build.0 = Release|x64
		{6734A0D5-1068-4052-974B-BB711264E9A5}.Release|x86.ActiveCfg = Release|Win32
		{6734A0D5-1068-4052-974B-BB711264E9A5}.Release|x86.Build.0 = Release|Win32
		{120F3FE8-5113-4029-A0EE-4B2A4B6F7C99}.Debug|x64.ActiveCfg = Debug|x64
		{120F3FE8-5113-4029-A0EE-4B2A4B6F7C99}.Debug|x64.Build.0 = Debug|x64
		{120F3FE8-5113-4029-A0EE-4B2A4B6F7C99}.Debug|x86.ActiveCfg = Debug|Win32
		{120F3FE8-5113-4029-A0EE-4B2A4B6F7C99}.Debug|x86.Build.0 = Debug|Win32
		{120F3FE8-5113-4029-A0EE-4B2A4B6F7C99}.Release|x64.ActiveCfg = Release|x64
		{120F3FE8-5113-4029-A0EE-4B2A4B6F7C99}.Release|x64.Build.0 = Release|x64
		{120F3FE8-5113-4029-A0EE-4B2A4B6F7C99}.Release|x86.ActiveCfg = Release|Win32
		{120F3FE8-5113-4029-A0EE-4B2A4B6F7C99}.Release|x86.Build.0 = Release|Win32
		{AEEF2E6B-1249-4CD2-9396-9A43082EFA46}.Debug|x64.ActiveCfg = Debug|x64
		{AEEF2E6B-1249-4CD2-9396-9A43082EFA46}.Debug|x64.Build.0 = Debug|x64
		{AEEF2E6B-1249-4CD2-9396-9A43082EFA46}.Debug|x86.ActiveCfg = Debug|Win32
		{AEEF2E6B-1249-4CD2-9396-9A43082EFA46}.Debug|x86.Build.0 = Debug|Win32
		{AEEF2E6B-1249-4CD2-9396-9A43082EFA46}.Release|x64.ActiveCfg = Release|x64
		{AEEF2E6B-1249-4CD2-9396-9A43082EFA46}.Release|x64.Build.0 = Release|x64
		{AEEF2E6B-1249-4CD2-9396-9A43082EFA46}.Release|x86.ActiveCfg = Release|Win32
		{AEEF2E6B-1249-4CD2-9396-9A43082EFA46}.Release|x86.Build.0 = Release|Win32
		{07B5FFD0-26BA-401F-AE8E-F7E1295FE16C}.Debug|x64.ActiveCfg = Debug|x64
		{07B5FFD0-26BA-401F-AE8E-F7E1295FE16C}.Debug|x64.Build.0 = Debug|x64
		{07B5FFD0-26BA-401F-AE8E-F7E1295FE16C}.Debug|x86.ActiveCfg = Debug|Win32
		{07B5FFD0-26BA-401F-AE8E-F7E1295FE16C}.Debug|x86.Build.0 = Debug|Win32
		{07B5FFD0-26BA-401F-AE8E-F7E1295FE16C}.Release|x64.ActiveCfg = Release|x64
		{07B5FFD0-26BA-401F-AE8E-F7E1295FE16C}.Release|x64.Build.0 = Release|x64
		{07B5FFD0-26BA-401F-AE8E-F7E1295FE16C}.Release|x86.ActiveCfg = Release|Win32
		{07B5FFD0-26BA-401F-AE8E-F7E1295FE16C}.Release|x86.Build.0 = Release|Win32
		{A335748E-BED5-46E8-ACBB-EBAA57AE0A19}.Debug|x64.ActiveCfg = Debug|x64
		{A335748E-BED5-46E8-ACBB-EBAA57AE0A19}.Debug|x64.Build.0 = Debug|x64
		{A335748E-BED5-46E8-ACBB-EBAA57AE0A19}.Debug|x86.ActiveCfg = Debug|Win32
		{A335748E-BED5-46E8-ACBB-EBAA57AE0A19}.Debug|x86.Build.0 = Debug|Win32
		{A335748E-BED5-46E8-ACBB-EBAA57AE0A19}.Release|x64.ActiveCfg = Release|x64
		{A335748E-BED5-46E8-ACBB-EBAA57AE0A19}.Release|x64.Build.0 = Release|x64
		{A335748E-BED5-46E8-ACBB-EBAA57AE0A19}.Release|x86.ActiveCfg = Release|Win32
		{A335748E-BED5-46E8-ACBB-EBAA57AE0A19}.Release|x86.Build.0 = Release|Win32
		{C4BC735D-59B7-48F4-AA07-F4BDF253A256}.Debug|x64.ActiveCfg = Debug|x64
		{C4BC735D-59B7-48F4-AA07-F4BDF253A256}.Debug|x64.Build.0 = Debug|x64
		{C4BC735D-59B7-48F4-AA07-F4BDF253A256}.Debug|x86.ActiveCfg = Debug|Win32
		{C4BC735D-59B7-48F4-AA07-F4BDF253A256}.Debug|x86.Build.0 = Debug|Win32
		{C4BC735D-59B7-48F4-AA07-F4BDF253A256}.Release|x64.ActiveCfg = Release|x64
		{C4BC735D-59B7-48F4-AA07-F4BDF253A256}.Release|x64.Build.0 = Release|x64
		{C4BC735D-59B7-48F4-AA07-F4BDF253A256}.Release|x86.ActiveCfg = Release|Win32
		{C4BC735D-59B7-48F4-AA07-F4BDF253A256}.Release|x86.Build.0 = Release|Win32
		{93358BCE-49BF-4743-86B4-36F219FA8A56}.Debug|x64.ActiveCfg = Debug|x64
		{93358BCE-49BF-4743-86B4-36F219FA8A56}.Debug|x64.Build.0 = Debug|x64
		{93358BCE-49BF-4743-86B4-36F219FA8A56}.Debug|x86.ActiveCfg = Debug|Win32
		{93358BCE-49BF-4743-86B4-36F219FA8A56}.Debug|x86.Build.0 = Debug|Win32
		{93358BCE-49BF-4743-86B4-36F219FA8A56}.Release|x64.ActiveCfg = Release|x64
		{93358BCE-49BF-4743-86B4-36F219FA8A56}.Release|x64.Build.0 = Release|x64
		{93358BCE-49BF-4743-86B4-36F219FA8A56}.Release|x86.ActiveCfg = Release|Win32
		{93358BCE-49BF-4743-86B4-36F219FA8A56}.Release|x86.Build.0 = Release|Win32
		{8BE32187-5E57-46FF-A9A1-2FE779BF6EE2}.Debug|x64.ActiveCfg = Debug|x64
		{8BE32187-5E57-46FF-A9A1-2FE779BF6EE2}.Debug|x64.Build.0 = Debug|x64
		{8BE32187-5E57-46FF-A9A1-2FE779BF6EE2}.Debug|x86.ActiveCfg = Debug|Win32
		{8BE32187-5E57-46FF-A9A1-2FE779BF6EE2}.Debug|x86.Build.0 = Debug|Win32
		{8BE32187-5E57-46FF-A9A1-2FE779BF6EE2}.Release|x64.ActiveCfg = Release|x64
		{8BE32187-5E57-46FF-A9A1-2FE779BF6EE2}.Release|x64.Build.0 = Release|x64
		{8BE32187-5E57-46FF-A9A1-2FE779BF6EE2}.Release|x86.ActiveCfg = Release|Win32
		{8BE32187-5E57-46FF-A9A1-2FE779BF6EE2}.Release|x86.Build.0 = Release|Win32
		{8F7E37B1-ADDE-4BB1-8381-EE20CEA07AE8}.Debug|x64.ActiveCfg = Debug|x64
		{8F7E37B1-ADDE-4BB1-8381-EE20CEA07AE8}.Debug|x64.Build.0 = Debug|x64
		{8F7E37B1-ADDE-4BB1-8381-EE20CEA07AE8}.Debug|x86.ActiveCfg = Debug|Win32
		{8F7E37B1-ADDE-4BB1-8381-EE20CEA07AE8}.Debug|x86.Build.0 = Debug|Win32
		{8F7E37B1-ADDE-4BB1-8381-EE20CEA07AE8}.Release|x64.ActiveCfg = Release|x64
		{8F7E37B1-ADDE-4BB1-8381-EE20CEA07AE8}.Release|x64.Build.0 = Release|x64
		{8F7E37B1-ADDE-4BB1-8381-EE20CEA07AE8}.Release|x86.ActiveCfg = Release|Win32
		{8F7E37B1-ADDE-4BB1-8381-EE20CEA07AE8}.Release|x86.Build.0 = Release|Win32
		{CD8E21E6-C951-40BC-BA47-46AFBB0B28EB}.Debug|x64.ActiveCfg = Debug|x64
		{CD8E21E6-C951-40BC-BA47-46AFBB0B28EB}.Debug|x64.Build.0 = Debug|x64
		{CD8E21E6-C951-40BC-BA47-46AFBB0B28EB}.Debug|x86.ActiveCfg = Debug|Win32
		{CD8E21E6-C951-40BC-BA47-46AFBB0B28EB}.Debug|x86.Build.0 = Debug|Win32
		{CD8E21E6-C951-40BC-BA47-46AFBB0B28EB}.Release|x64.ActiveCfg = Release|x64
		{CD8E21E6-C951-40BC-BA47-46AFBB0B28EB}.Release|x64.Build.0 = Release|x64
		{CD8E21E6-C951-40BC-BA47-46AFBB0B28EB}.Release|x86.ActiveCfg = Release|Win32
		{CD8E21E6-C951-40BC-BA47-46AFBB0B28EB}.Release|x86.Build.0 = Release|Win32
		{667F7F6C-24E4-4C7D-B376-D6157BA0A9E1}.Debug|x64.ActiveCfg = Debug|x64
		{667F7F6C-24E4-4C7D-B376-D6157BA0A9E1}.Debug|x64.Build.0 = Debug|x64
		{667F7F6C-24E4-4C7D-B376-D6157BA0A9E1}.Debug|x86.ActiveCfg = Debug|Win32
		{667F7F6C-24E4-4C7D-B376-D6157BA0A9E1}.Debug|x86.Build.0 = Debug|Win32
		{667F7F6C-24E4-4C7D-B376-D6157BA0A9E1}.Release|x64.ActiveCfg = Release|x64
		{667F7F6C-24E4-4C7D-B376-D6157BA0A9E1}.Release|x64.Build.0 = Release|x64
		{667F7F6C-24E4-4C7D-B376-D6157BA0A9E1}.Release|x86.ActiveCfg = Release|Win32
		{667F7F6C-24E4-4C7D-B376-D6157BA0A9E1}.Release|x86.Build.0 = Release|Win32
		{1D9F6E39-6270-4DDF-86E0-A21F23309987}.Debug|x64.ActiveCfg = Debug|x64
		{1D9F6E39-6270-4DDF-86E0-A21F23309987}.Debug|x64.Build.0 = Debug|x64
		{1D9F6E39-6270-4DDF-86E0-A21F23309987}.Debug|x86.ActiveCfg = Debug|Win32
		{1D9F6E39-6270-4DDF-86E0-A21F23309987}.Debug|x86.Build.0 = Debug|Win32
		{1D9F6E39-6270-4DDF-86E0-A21F23309987}.Release|x64.ActiveCfg = Release|x64
		{1D9F6E39-6270-4DDF-86E0-A21F23309987}.Release|x64.Build.0 = Release|x64
		{1D9F6E39-6270-4DDF-86E0-A21F23309987}.Release|x86.ActiveCfg = Release|Win32
		{1D9F6E39-6270-4DDF-86E0-A21F23309987}.Release|x86.Build.0 = Release|Win32
		{254230F4-27F4-49E6-9F18-2616BFEEE25F}.Debug|x64.ActiveCfg = Debug|x64
		{254230F4-27F4-49E6-9F18-2616BFEEE25F}.Debug|x64.Build.0 = Debug|x64
		{254230F4-27F4-49E6-9F18-2616BFEEE25F}.Debug|x86.ActiveCfg = Debug|Win32
		{254230F4-27F4-49E6-9F18-2616BFEEE25F}.Debug|x86.Build.0 = Debug|Win32
		{254230F4-27F4-49E6-9F18-2616BFEEE25F}.Release|x64.ActiveCfg = Release|x64
		{254230F4-27F4-49E6-9F18-2616BFEEE25F}.Release|x64.Build.0 = Release|x64
		{254230F4-27F4-49E6-9F18-2616BFEEE25F}.Release|x86.ActiveCfg = Release|Win32
		{254230F4-27F4-49E6-9F18-2616BFEEE25F}.Release|x86.Build.0 = Release|Win32
		{DA339B8D-B1A3-4681-837A-56113B110E69}.Debug|x64.ActiveCfg = Debug|x64
		{DA339B8D-B1A3-4681-837A-56113B110E69}.Debug|x64.Build.0 = Debug|x64
		{DA339B8D-B1A3-4681-837A-56113B110E69}.Debug|x86.ActiveCfg = Debug|Win32
		{DA339B8D-B1A3-4681-837A-56113B110E69}.Debug|x86.Build.0 = Debug|Win32
		{DA339B8D-B1A3-4681-837A-56113B110E69}.Release|x64.ActiveCfg = Release|x64
		{DA339B8D-B1A3-4681-837A-56113B110E69}.Release|x64.Build.0 = Release|x64
		{DA339B8D-B1A3-4681-837A-56113B110E69}.Release|x86.ActiveCfg = Release|Win32
		{DA339B8D-B1A3-4681-837A-56113B110E69}.Release|x86.Build.0 = Release|Win32
	EndGlobalSection
	GlobalSection(SolutionProperties) = preSolution
		HideSolutionNode = FALSE
	EndGlobalSection
	GlobalSection(ExtensibilityGlobals) = postSolution
		SolutionGuid = {9A8F5163-2681-4EBD-AC5D-63466EC4B8E4}
	EndGlobalSection
EndGlobal
